
Microsoft Visual Studio Solution File, Format Version 12.00
# Visual Studio Version 17
VisualStudioVersion = 17.8.34330.188
MinimumVisualStudioVersion = 10.0.40219.1
Project("{FAE04EC0-301F-11D3-BF4B-00C04F79EFBC}") = "WpfApp6", "WpfApp6.csproj", "{9FAB0CB2-C852-4D9F-BF95-908AC15E072A}"
EndProject
Global
	GlobalSection(SolutionConfigurationPlatforms) = preSolution
		Debug|Any CPU = Debug|Any CPU
		Release|Any CPU = Release|Any CPU
	EndGlobalSection
	GlobalSection(ProjectConfigurationPlatforms) = postSolution
		{9FAB0CB2-C852-4D9F-BF95-908AC15E072A}.Debug|Any CPU.ActiveCfg = Debug|Any CPU
		{9FAB0CB2-C852-4D9F-BF95-908AC15E072A}.Debug|Any CPU.Build.0 = Debug|Any CPU
		{9FAB0CB2-C852-4D9F-BF95-908AC15E072A}.Release|Any CPU.ActiveCfg = Release|Any CPU
		{9FAB0CB2-C852-4D9F-BF95-908AC15E072A}.Release|Any CPU.Build.0 = Release|Any CPU
	EndGlobalSection
	GlobalSection(SolutionProperties) = preSolution
		HideSolutionNode = FALSE
	EndGlobalSection
	GlobalSection(ExtensibilityGlobals) = postSolution
		SolutionGuid = {2769857A-B5F1-4427-9E5E-BC79E6353337}
	EndGlobalSection
EndGlobal
